// !$*UTF8*$!
{
	archiveVersion = 1;
	classes = {
	};
	objectVersion = 77;
	objects = {

/* Begin PBXBuildFile section */
		917818BC2CAF4EC200D48245 /* ComposableArchitecture in Frameworks */ = {isa = PBXBuildFile; productRef = 917818BB2CAF4EC200D48245 /* ComposableArchitecture */; };
/* End PBXBuildFile section */

/* Begin PBXContainerItemProxy section */
		3DD3C5CF2CADDA20005AFDA5 /* PBXContainerItemProxy */ = {
			isa = PBXContainerItemProxy;
			containerPortal = 3DD3C5B62CADDA1F005AFDA5 /* Project object */;
			proxyType = 1;
			remoteGlobalIDString = 3DD3C5BD2CADDA1F005AFDA5;
			remoteInfo = iTunesInABox;
		};
		3DD3C5D92CADDA21005AFDA5 /* PBXContainerItemProxy */ = {
			isa = PBXContainerItemProxy;
			containerPortal = 3DD3C5B62CADDA1F005AFDA5 /* Project object */;
			proxyType = 1;
			remoteGlobalIDString = 3DD3C5BD2CADDA1F005AFDA5;
			remoteInfo = iTunesInABox;
		};
/* End PBXContainerItemProxy section */

/* Begin PBXFileReference section */
		3DD3C5BE2CADDA1F005AFDA5 /* iTunesInABox.app */ = {isa = PBXFileReference; explicitFileType = wrapper.application; includeInIndex = 0; path = iTunesInABox.app; sourceTree = BUILT_PRODUCTS_DIR; };
		3DD3C5CE2CADDA20005AFDA5 /* iTunesInABoxTests.xctest */ = {isa = PBXFileReference; explicitFileType = wrapper.cfbundle; includeInIndex = 0; path = iTunesInABoxTests.xctest; sourceTree = BUILT_PRODUCTS_DIR; };
		3DD3C5D82CADDA21005AFDA5 /* iTunesInABoxUITests.xctest */ = {isa = PBXFileReference; explicitFileType = wrapper.cfbundle; includeInIndex = 0; path = iTunesInABoxUITests.xctest; sourceTree = BUILT_PRODUCTS_DIR; };
/* End PBXFileReference section */

/* Begin PBXFileSystemSynchronizedRootGroup section */
		3DD3C5C02CADDA1F005AFDA5 /* iTunesInABox */ = {
			isa = PBXFileSystemSynchronizedRootGroup;
			path = iTunesInABox;
			sourceTree = "<group>";
		};
		3DD3C5D12CADDA20005AFDA5 /* iTunesInABoxTests */ = {
			isa = PBXFileSystemSynchronizedRootGroup;
			path = iTunesInABoxTests;
			sourceTree = "<group>";
		};
		3DD3C5DB2CADDA21005AFDA5 /* iTunesInABoxUITests */ = {
			isa = PBXFileSystemSynchronizedRootGroup;
			path = iTunesInABoxUITests;
			sourceTree = "<group>";
		};
/* End PBXFileSystemSynchronizedRootGroup section */

/* Begin PBXFrameworksBuildPhase section */
		3DD3C5BB2CADDA1F005AFDA5 /* Frameworks */ = {
			isa = PBXFrameworksBuildPhase;
			buildActionMask = 2147483647;
			files = (
				917818BC2CAF4EC200D48245 /* ComposableArchitecture in Frameworks */,
			);
			runOnlyForDeploymentPostprocessing = 0;
		};
		3DD3C5CB2CADDA20005AFDA5 /* Frameworks */ = {
			isa = PBXFrameworksBuildPhase;
			buildActionMask = 2147483647;
			files = (
			);
			runOnlyForDeploymentPostprocessing = 0;
		};
		3DD3C5D52CADDA21005AFDA5 /* Frameworks */ = {
			isa = PBXFrameworksBuildPhase;
			buildActionMask = 2147483647;
			files = (
			);
			runOnlyForDeploymentPostprocessing = 0;
		};
/* End PBXFrameworksBuildPhase section */

/* Begin PBXGroup section */
		3DD3C5B52CADDA1F005AFDA5 = {
			isa = PBXGroup;
			children = (
				3DD3C5C02CADDA1F005AFDA5 /* iTunesInABox */,
				3DD3C5D12CADDA20005AFDA5 /* iTunesInABoxTests */,
				3DD3C5DB2CADDA21005AFDA5 /* iTunesInABoxUITests */,
				3DD3C5BF2CADDA1F005AFDA5 /* Products */,
			);
			sourceTree = "<group>";
		};
		3DD3C5BF2CADDA1F005AFDA5 /* Products */ = {
			isa = PBXGroup;
			children = (
				3DD3C5BE2CADDA1F005AFDA5 /* iTunesInABox.app */,
				3DD3C5CE2CADDA20005AFDA5 /* iTunesInABoxTests.xctest */,
				3DD3C5D82CADDA21005AFDA5 /* iTunesInABoxUITests.xctest */,
			);
			name = Products;
			sourceTree = "<group>";
		};
/* End PBXGroup section */

/* Begin PBXNativeTarget section */
		3DD3C5BD2CADDA1F005AFDA5 /* iTunesInABox */ = {
			isa = PBXNativeTarget;
			buildConfigurationList = 3DD3C5E22CADDA21005AFDA5 /* Build configuration list for PBXNativeTarget "iTunesInABox" */;
			buildPhases = (
				3DD3C5BA2CADDA1F005AFDA5 /* Sources */,
				3DD3C5BB2CADDA1F005AFDA5 /* Frameworks */,
				3DD3C5BC2CADDA1F005AFDA5 /* Resources */,
			);
			buildRules = (
			);
			dependencies = (
			);
			fileSystemSynchronizedGroups = (
				3DD3C5C02CADDA1F005AFDA5 /* iTunesInABox */,
			);
			name = iTunesInABox;
			packageProductDependencies = (
				917818BB2CAF4EC200D48245 /* ComposableArchitecture */,
			);
			productName = iTunesInABox;
			productReference = 3DD3C5BE2CADDA1F005AFDA5 /* iTunesInABox.app */;
			productType = "com.apple.product-type.application";
		};
		3DD3C5CD2CADDA20005AFDA5 /* iTunesInABoxTests */ = {
			isa = PBXNativeTarget;
			buildConfigurationList = 3DD3C5E52CADDA21005AFDA5 /* Build configuration list for PBXNativeTarget "iTunesInABoxTests" */;
			buildPhases = (
				3DD3C5CA2CADDA20005AFDA5 /* Sources */,
				3DD3C5CB2CADDA20005AFDA5 /* Frameworks */,
				3DD3C5CC2CADDA20005AFDA5 /* Resources */,
			);
			buildRules = (
			);
			dependencies = (
				3DD3C5D02CADDA20005AFDA5 /* PBXTargetDependency */,
			);
			fileSystemSynchronizedGroups = (
				3DD3C5D12CADDA20005AFDA5 /* iTunesInABoxTests */,
			);
			name = iTunesInABoxTests;
			packageProductDependencies = (
			);
			productName = iTunesInABoxTests;
			productReference = 3DD3C5CE2CADDA20005AFDA5 /* iTunesInABoxTests.xctest */;
			productType = "com.apple.product-type.bundle.unit-test";
		};
		3DD3C5D72CADDA21005AFDA5 /* iTunesInABoxUITests */ = {
			isa = PBXNativeTarget;
			buildConfigurationList = 3DD3C5E82CADDA21005AFDA5 /* Build configuration list for PBXNativeTarget "iTunesInABoxUITests" */;
			buildPhases = (
				3DD3C5D42CADDA21005AFDA5 /* Sources */,
				3DD3C5D52CADDA21005AFDA5 /* Frameworks */,
				3DD3C5D62CADDA21005AFDA5 /* Resources */,
			);
			buildRules = (
			);
			dependencies = (
				3DD3C5DA2CADDA21005AFDA5 /* PBXTargetDependency */,
			);
			fileSystemSynchronizedGroups = (
				3DD3C5DB2CADDA21005AFDA5 /* iTunesInABoxUITests */,
			);
			name = iTunesInABoxUITests;
			packageProductDependencies = (
			);
			productName = iTunesInABoxUITests;
			productReference = 3DD3C5D82CADDA21005AFDA5 /* iTunesInABoxUITests.xctest */;
			productType = "com.apple.product-type.bundle.ui-testing";
		};
/* End PBXNativeTarget section */

/* Begin PBXProject section */
		3DD3C5B62CADDA1F005AFDA5 /* Project object */ = {
			isa = PBXProject;
			attributes = {
				BuildIndependentTargetsInParallel = 1;
				LastSwiftUpdateCheck = 1600;
				LastUpgradeCheck = 1600;
				TargetAttributes = {
					3DD3C5BD2CADDA1F005AFDA5 = {
						CreatedOnToolsVersion = 16.0;
					};
					3DD3C5CD2CADDA20005AFDA5 = {
						CreatedOnToolsVersion = 16.0;
						TestTargetID = 3DD3C5BD2CADDA1F005AFDA5;
					};
					3DD3C5D72CADDA21005AFDA5 = {
						CreatedOnToolsVersion = 16.0;
						TestTargetID = 3DD3C5BD2CADDA1F005AFDA5;
					};
				};
			};
			buildConfigurationList = 3DD3C5B92CADDA1F005AFDA5 /* Build configuration list for PBXProject "iTunesInABox" */;
			developmentRegion = en;
			hasScannedForEncodings = 0;
			knownRegions = (
				en,
				Base,
			);
			mainGroup = 3DD3C5B52CADDA1F005AFDA5;
			minimizedProjectReferenceProxies = 1;
			packageReferences = (
				917818BA2CAF4EC200D48245 /* XCRemoteSwiftPackageReference "swift-composable-architecture" */,
			);
			preferredProjectObjectVersion = 77;
			productRefGroup = 3DD3C5BF2CADDA1F005AFDA5 /* Products */;
			projectDirPath = "";
			projectRoot = "";
			targets = (
				3DD3C5BD2CADDA1F005AFDA5 /* iTunesInABox */,
				3DD3C5CD2CADDA20005AFDA5 /* iTunesInABoxTests */,
				3DD3C5D72CADDA21005AFDA5 /* iTunesInABoxUITests */,
			);
		};
/* End PBXProject section */

/* Begin PBXResourcesBuildPhase section */
		3DD3C5BC2CADDA1F005AFDA5 /* Resources */ = {
			isa = PBXResourcesBuildPhase;
			buildActionMask = 2147483647;
			files = (
			);
			runOnlyForDeploymentPostprocessing = 0;
		};
		3DD3C5CC2CADDA20005AFDA5 /* Resources */ = {
			isa = PBXResourcesBuildPhase;
			buildActionMask = 2147483647;
			files = (
			);
			runOnlyForDeploymentPostprocessing = 0;
		};
		3DD3C5D62CADDA21005AFDA5 /* Resources */ = {
			isa = PBXResourcesBuildPhase;
			buildActionMask = 2147483647;
			files = (
			);
			runOnlyForDeploymentPostprocessing = 0;
		};
/* End PBXResourcesBuildPhase section */

/* Begin PBXSourcesBuildPhase section */
		3DD3C5BA2CADDA1F005AFDA5 /* Sources */ = {
			isa = PBXSourcesBuildPhase;
			buildActionMask = 2147483647;
			files = (
			);
			runOnlyForDeploymentPostprocessing = 0;
		};
		3DD3C5CA2CADDA20005AFDA5 /* Sources */ = {
			isa = PBXSourcesBuildPhase;
			buildActionMask = 2147483647;
			files = (
			);
			runOnlyForDeploymentPostprocessing = 0;
		};
		3DD3C5D42CADDA21005AFDA5 /* Sources */ = {
			isa = PBXSourcesBuildPhase;
			buildActionMask = 2147483647;
			files = (
			);
			runOnlyForDeploymentPostprocessing = 0;
		};
/* End PBXSourcesBuildPhase section */

/* Begin PBXTargetDependency section */
		3DD3C5D02CADDA20005AFDA5 /* PBXTargetDependency */ = {
			isa = PBXTargetDependency;
			target = 3DD3C5BD2CADDA1F005AFDA5 /* iTunesInABox */;
			targetProxy = 3DD3C5CF2CADDA20005AFDA5 /* PBXContainerItemProxy */;
		};
		3DD3C5DA2CADDA21005AFDA5 /* PBXTargetDependency */ = {
			isa = PBXTargetDependency;
			target = 3DD3C5BD2CADDA1F005AFDA5 /* iTunesInABox */;
			targetProxy = 3DD3C5D92CADDA21005AFDA5 /* PBXContainerItemProxy */;
		};
/* End PBXTargetDependency section */

/* Begin XCBuildConfiguration section */
		3DD3C5E02CADDA21005AFDA5 /* Debug */ = {
			isa = XCBuildConfiguration;
			buildSettings = {
				ALWAYS_SEARCH_USER_PATHS = NO;
				ASSETCATALOG_COMPILER_GENERATE_SWIFT_ASSET_SYMBOL_EXTENSIONS = YES;
				CLANG_ANALYZER_NONNULL = YES;
				CLANG_ANALYZER_NUMBER_OBJECT_CONVERSION = YES_AGGRESSIVE;
				CLANG_CXX_LANGUAGE_STANDARD = "gnu++20";
				CLANG_ENABLE_MODULES = YES;
				CLANG_ENABLE_OBJC_ARC = YES;
				CLANG_ENABLE_OBJC_WEAK = YES;
				CLANG_WARN_BLOCK_CAPTURE_AUTORELEASING = YES;
				CLANG_WARN_BOOL_CONVERSION = YES;
				CLANG_WARN_COMMA = YES;
				CLANG_WARN_CONSTANT_CONVERSION = YES;
				CLANG_WARN_DEPRECATED_OBJC_IMPLEMENTATIONS = YES;
				CLANG_WARN_DIRECT_OBJC_ISA_USAGE = YES_ERROR;
				CLANG_WARN_DOCUMENTATION_COMMENTS = YES;
				CLANG_WARN_EMPTY_BODY = YES;
				CLANG_WARN_ENUM_CONVERSION = YES;
				CLANG_WARN_INFINITE_RECURSION = YES;
				CLANG_WARN_INT_CONVERSION = YES;
				CLANG_WARN_NON_LITERAL_NULL_CONVERSION = YES;
				CLANG_WARN_OBJC_IMPLICIT_RETAIN_SELF = YES;
				CLANG_WARN_OBJC_LITERAL_CONVERSION = YES;
				CLANG_WARN_OBJC_ROOT_CLASS = YES_ERROR;
				CLANG_WARN_QUOTED_INCLUDE_IN_FRAMEWORK_HEADER = YES;
				CLANG_WARN_RANGE_LOOP_ANALYSIS = YES;
				CLANG_WARN_STRICT_PROTOTYPES = YES;
				CLANG_WARN_SUSPICIOUS_MOVE = YES;
				CLANG_WARN_UNGUARDED_AVAILABILITY = YES_AGGRESSIVE;
				CLANG_WARN_UNREACHABLE_CODE = YES;
				CLANG_WARN__DUPLICATE_METHOD_MATCH = YES;
				COPY_PHASE_STRIP = NO;
				DEBUG_INFORMATION_FORMAT = dwarf;
				ENABLE_STRICT_OBJC_MSGSEND = YES;
				ENABLE_TESTABILITY = YES;
				ENABLE_USER_SCRIPT_SANDBOXING = YES;
				GCC_C_LANGUAGE_STANDARD = gnu17;
				GCC_DYNAMIC_NO_PIC = NO;
				GCC_NO_COMMON_BLOCKS = YES;
				GCC_OPTIMIZATION_LEVEL = 0;
				GCC_PREPROCESSOR_DEFINITIONS = (
					"DEBUG=1",
					"$(inherited)",
				);
				GCC_WARN_64_TO_32_BIT_CONVERSION = YES;
				GCC_WARN_ABOUT_RETURN_TYPE = YES_ERROR;
				GCC_WARN_UNDECLARED_SELECTOR = YES;
				GCC_WARN_UNINITIALIZED_AUTOS = YES_AGGRESSIVE;
				GCC_WARN_UNUSED_FUNCTION = YES;
				GCC_WARN_UNUSED_VARIABLE = YES;
				IPHONEOS_DEPLOYMENT_TARGET = 18.0;
				LOCALIZATION_PREFERS_STRING_CATALOGS = YES;
				MTL_ENABLE_DEBUG_INFO = INCLUDE_SOURCE;
				MTL_FAST_MATH = YES;
				ONLY_ACTIVE_ARCH = YES;
				SDKROOT = iphoneos;
				SWIFT_ACTIVE_COMPILATION_CONDITIONS = "DEBUG $(inherited)";
				SWIFT_OPTIMIZATION_LEVEL = "-Onone";
				SWIFT_VERSION = 6.0;
			};
			name = Debug;
		};
		3DD3C5E12CADDA21005AFDA5 /* Release */ = {
			isa = XCBuildConfiguration;
			buildSettings = {
				ALWAYS_SEARCH_USER_PATHS = NO;
				ASSETCATALOG_COMPILER_GENERATE_SWIFT_ASSET_SYMBOL_EXTENSIONS = YES;
				CLANG_ANALYZER_NONNULL = YES;
				CLANG_ANALYZER_NUMBER_OBJECT_CONVERSION = YES_AGGRESSIVE;
				CLANG_CXX_LANGUAGE_STANDARD = "gnu++20";
				CLANG_ENABLE_MODULES = YES;
				CLANG_ENABLE_OBJC_ARC = YES;
				CLANG_ENABLE_OBJC_WEAK = YES;
				CLANG_WARN_BLOCK_CAPTURE_AUTORELEASING = YES;
				CLANG_WARN_BOOL_CONVERSION = YES;
				CLANG_WARN_COMMA = YES;
				CLANG_WARN_CONSTANT_CONVERSION = YES;
				CLANG_WARN_DEPRECATED_OBJC_IMPLEMENTATIONS = YES;
				CLANG_WARN_DIRECT_OBJC_ISA_USAGE = YES_ERROR;
				CLANG_WARN_DOCUMENTATION_COMMENTS = YES;
				CLANG_WARN_EMPTY_BODY = YES;
				CLANG_WARN_ENUM_CONVERSION = YES;
				CLANG_WARN_INFINITE_RECURSION = YES;
				CLANG_WARN_INT_CONVERSION = YES;
				CLANG_WARN_NON_LITERAL_NULL_CONVERSION = YES;
				CLANG_WARN_OBJC_IMPLICIT_RETAIN_SELF = YES;
				CLANG_WARN_OBJC_LITERAL_CONVERSION = YES;
				CLANG_WARN_OBJC_ROOT_CLASS = YES_ERROR;
				CLANG_WARN_QUOTED_INCLUDE_IN_FRAMEWORK_HEADER = YES;
				CLANG_WARN_RANGE_LOOP_ANALYSIS = YES;
				CLANG_WARN_STRICT_PROTOTYPES = YES;
				CLANG_WARN_SUSPICIOUS_MOVE = YES;
				CLANG_WARN_UNGUARDED_AVAILABILITY = YES_AGGRESSIVE;
				CLANG_WARN_UNREACHABLE_CODE = YES;
				CLANG_WARN__DUPLICATE_METHOD_MATCH = YES;
				COPY_PHASE_STRIP = NO;
				DEBUG_INFORMATION_FORMAT = "dwarf-with-dsym";
				ENABLE_NS_ASSERTIONS = NO;
				ENABLE_STRICT_OBJC_MSGSEND = YES;
				ENABLE_USER_SCRIPT_SANDBOXING = YES;
				GCC_C_LANGUAGE_STANDARD = gnu17;
				GCC_NO_COMMON_BLOCKS = YES;
				GCC_WARN_64_TO_32_BIT_CONVERSION = YES;
				GCC_WARN_ABOUT_RETURN_TYPE = YES_ERROR;
				GCC_WARN_UNDECLARED_SELECTOR = YES;
				GCC_WARN_UNINITIALIZED_AUTOS = YES_AGGRESSIVE;
				GCC_WARN_UNUSED_FUNCTION = YES;
				GCC_WARN_UNUSED_VARIABLE = YES;
				IPHONEOS_DEPLOYMENT_TARGET = 18.0;
				LOCALIZATION_PREFERS_STRING_CATALOGS = YES;
				MTL_ENABLE_DEBUG_INFO = NO;
				MTL_FAST_MATH = YES;
				SDKROOT = iphoneos;
				SWIFT_COMPILATION_MODE = wholemodule;
				SWIFT_VERSION = 6.0;
				VALIDATE_PRODUCT = YES;
			};
			name = Release;
		};
		3DD3C5E32CADDA21005AFDA5 /* Debug */ = {
			isa = XCBuildConfiguration;
			buildSettings = {
				ASSETCATALOG_COMPILER_APPICON_NAME = AppIcon;
				ASSETCATALOG_COMPILER_GLOBAL_ACCENT_COLOR_NAME = AccentColor;
				CODE_SIGN_STYLE = Automatic;
				CURRENT_PROJECT_VERSION = 1;
				DEVELOPMENT_ASSET_PATHS = "\"iTunesInABox/Preview Content\"";
				DEVELOPMENT_TEAM = DJKGA42ZBK;
				ENABLE_PREVIEWS = YES;
				GENERATE_INFOPLIST_FILE = YES;
				INFOPLIST_KEY_UIApplicationSceneManifest_Generation = YES;
				INFOPLIST_KEY_UIApplicationSupportsIndirectInputEvents = YES;
				INFOPLIST_KEY_UILaunchScreen_Generation = YES;
				INFOPLIST_KEY_UISupportedInterfaceOrientations_iPad = "UIInterfaceOrientationPortrait UIInterfaceOrientationPortraitUpsideDown UIInterfaceOrientationLandscapeLeft UIInterfaceOrientationLandscapeRight";
				INFOPLIST_KEY_UISupportedInterfaceOrientations_iPhone = "UIInterfaceOrientationPortrait UIInterfaceOrientationLandscapeLeft UIInterfaceOrientationLandscapeRight";
				LD_RUNPATH_SEARCH_PATHS = (
					"$(inherited)",
					"@executable_path/Frameworks",
				);
				MARKETING_VERSION = 1.0;
				PRODUCT_BUNDLE_IDENTIFIER = com.robisonsoftwaredevelopment.iTunesInABox;
				PRODUCT_NAME = "$(TARGET_NAME)";
				SUPPORTED_PLATFORMS = "iphoneos iphonesimulator";
				SUPPORTS_MACCATALYST = NO;
				SUPPORTS_XR_DESIGNED_FOR_IPHONE_IPAD = NO;
				SWIFT_EMIT_LOC_STRINGS = YES;
				SWIFT_VERSION = 6.0;
				TARGETED_DEVICE_FAMILY = "1,2";
			};
			name = Debug;
		};
		3DD3C5E42CADDA21005AFDA5 /* Release */ = {
			isa = XCBuildConfiguration;
			buildSettings = {
				ASSETCATALOG_COMPILER_APPICON_NAME = AppIcon;
				ASSETCATALOG_COMPILER_GLOBAL_ACCENT_COLOR_NAME = AccentColor;
				CODE_SIGN_STYLE = Automatic;
				CURRENT_PROJECT_VERSION = 1;
				DEVELOPMENT_ASSET_PATHS = "\"iTunesInABox/Preview Content\"";
				DEVELOPMENT_TEAM = DJKGA42ZBK;
				ENABLE_PREVIEWS = YES;
				GENERATE_INFOPLIST_FILE = YES;
				INFOPLIST_KEY_UIApplicationSceneManifest_Generation = YES;
				INFOPLIST_KEY_UIApplicationSupportsIndirectInputEvents = YES;
				INFOPLIST_KEY_UILaunchScreen_Generation = YES;
				INFOPLIST_KEY_UISupportedInterfaceOrientations_iPad = "UIInterfaceOrientationPortrait UIInterfaceOrientationPortraitUpsideDown UIInterfaceOrientationLandscapeLeft UIInterfaceOrientationLandscapeRight";
				INFOPLIST_KEY_UISupportedInterfaceOrientations_iPhone = "UIInterfaceOrientationPortrait UIInterfaceOrientationLandscapeLeft UIInterfaceOrientationLandscapeRight";
				LD_RUNPATH_SEARCH_PATHS = (
					"$(inherited)",
					"@executable_path/Frameworks",
				);
				MARKETING_VERSION = 1.0;
				PRODUCT_BUNDLE_IDENTIFIER = com.robisonsoftwaredevelopment.iTunesInABox;
				PRODUCT_NAME = "$(TARGET_NAME)";
				SUPPORTED_PLATFORMS = "iphoneos iphonesimulator";
				SUPPORTS_MACCATALYST = NO;
				SUPPORTS_XR_DESIGNED_FOR_IPHONE_IPAD = NO;
				SWIFT_EMIT_LOC_STRINGS = YES;
				SWIFT_VERSION = 6.0;
				TARGETED_DEVICE_FAMILY = "1,2";
			};
			name = Release;
		};
		3DD3C5E62CADDA21005AFDA5 /* Debug */ = {
			isa = XCBuildConfiguration;
			buildSettings = {
				BUNDLE_LOADER = "$(TEST_HOST)";
				CODE_SIGN_STYLE = Automatic;
				CURRENT_PROJECT_VERSION = 1;
				DEVELOPMENT_TEAM = DJKGA42ZBK;
				GENERATE_INFOPLIST_FILE = YES;
				IPHONEOS_DEPLOYMENT_TARGET = 18.0;
				MARKETING_VERSION = 1.0;
				PRODUCT_BUNDLE_IDENTIFIER = com.robisonsoftwaredevelopment.iTunesInABoxTests;
				PRODUCT_NAME = "$(TARGET_NAME)";
				SWIFT_EMIT_LOC_STRINGS = NO;
				SWIFT_VERSION = 5.0;
				TARGETED_DEVICE_FAMILY = "1,2";
				TEST_HOST = "$(BUILT_PRODUCTS_DIR)/iTunesInABox.app/$(BUNDLE_EXECUTABLE_FOLDER_PATH)/iTunesInABox";
			};
			name = Debug;
		};
		3DD3C5E72CADDA21005AFDA5 /* Release */ = {
			isa = XCBuildConfiguration;
			buildSettings = {
				BUNDLE_LOADER = "$(TEST_HOST)";
				CODE_SIGN_STYLE = Automatic;
				CURRENT_PROJECT_VERSION = 1;
				DEVELOPMENT_TEAM = DJKGA42ZBK;
				GENERATE_INFOPLIST_FILE = YES;
				IPHONEOS_DEPLOYMENT_TARGET = 18.0;
				MARKETING_VERSION = 1.0;
				PRODUCT_BUNDLE_IDENTIFIER = com.robisonsoftwaredevelopment.iTunesInABoxTests;
				PRODUCT_NAME = "$(TARGET_NAME)";
				SWIFT_EMIT_LOC_STRINGS = NO;
				SWIFT_VERSION = 5.0;
				TARGETED_DEVICE_FAMILY = "1,2";
				TEST_HOST = "$(BUILT_PRODUCTS_DIR)/iTunesInABox.app/$(BUNDLE_EXECUTABLE_FOLDER_PATH)/iTunesInABox";
			};
			name = Release;
		};
		3DD3C5E92CADDA21005AFDA5 /* Debug */ = {
			isa = XCBuildConfiguration;
			buildSettings = {
				CODE_SIGN_STYLE = Automatic;
				CURRENT_PROJECT_VERSION = 1;
				DEVELOPMENT_TEAM = DJKGA42ZBK;
				GENERATE_INFOPLIST_FILE = YES;
				MARKETING_VERSION = 1.0;
				PRODUCT_BUNDLE_IDENTIFIER = com.robisonsoftwaredevelopment.iTunesInABoxUITests;
				PRODUCT_NAME = "$(TARGET_NAME)";
				SWIFT_EMIT_LOC_STRINGS = NO;
				SWIFT_VERSION = 5.0;
				TARGETED_DEVICE_FAMILY = "1,2";
				TEST_TARGET_NAME = iTunesInABox;
			};
			name = Debug;
		};
		3DD3C5EA2CADDA21005AFDA5 /* Release */ = {
			isa = XCBuildConfiguration;
			buildSettings = {
				CODE_SIGN_STYLE = Automatic;
				CURRENT_PROJECT_VERSION = 1;
				DEVELOPMENT_TEAM = DJKGA42ZBK;
				GENERATE_INFOPLIST_FILE = YES;
				MARKETING_VERSION = 1.0;
				PRODUCT_BUNDLE_IDENTIFIER = com.robisonsoftwaredevelopment.iTunesInABoxUITests;
				PRODUCT_NAME = "$(TARGET_NAME)";
				SWIFT_EMIT_LOC_STRINGS = NO;
				SWIFT_VERSION = 5.0;
				TARGETED_DEVICE_FAMILY = "1,2";
				TEST_TARGET_NAME = iTunesInABox;
			};
			name = Release;
		};
/* End XCBuildConfiguration section */

/* Begin XCConfigurationList section */
		3DD3C5B92CADDA1F005AFDA5 /* Build configuration list for PBXProject "iTunesInABox" */ = {
			isa = XCConfigurationList;
			buildConfigurations = (
				3DD3C5E02CADDA21005AFDA5 /* Debug */,
				3DD3C5E12CADDA21005AFDA5 /* Release */,
			);
			defaultConfigurationIsVisible = 0;
			defaultConfigurationName = Release;
		};
		3DD3C5E22CADDA21005AFDA5 /* Build configuration list for PBXNativeTarget "iTunesInABox" */ = {
			isa = XCConfigurationList;
			buildConfigurations = (
				3DD3C5E32CADDA21005AFDA5 /* Debug */,
				3DD3C5E42CADDA21005AFDA5 /* Release */,
			);
			defaultConfigurationIsVisible = 0;
			defaultConfigurationName = Release;
		};
		3DD3C5E52CADDA21005AFDA5 /* Build configuration list for PBXNativeTarget "iTunesInABoxTests" */ = {
			isa = XCConfigurationList;
			buildConfigurations = (
				3DD3C5E62CADDA21005AFDA5 /* Debug */,
				3DD3C5E72CADDA21005AFDA5 /* Release */,
			);
			defaultConfigurationIsVisible = 0;
			defaultConfigurationName = Release;
		};
		3DD3C5E82CADDA21005AFDA5 /* Build configuration list for PBXNativeTarget "iTunesInABoxUITests" */ = {
			isa = XCConfigurationList;
			buildConfigurations = (
				3DD3C5E92CADDA21005AFDA5 /* Debug */,
				3DD3C5EA2CADDA21005AFDA5 /* Release */,
			);
			defaultConfigurationIsVisible = 0;
			defaultConfigurationName = Release;
		};
/* End XCConfigurationList section */

/* Begin XCRemoteSwiftPackageReference section */
		917818BA2CAF4EC200D48245 /* XCRemoteSwiftPackageReference "swift-composable-architecture" */ = {
			isa = XCRemoteSwiftPackageReference;
			repositoryURL = "https://github.com/pointfreeco/swift-composable-architecture.git";
			requirement = {
				kind = upToNextMajorVersion;
				minimumVersion = 1.15.0;
			};
		};
/* End XCRemoteSwiftPackageReference section */

/* Begin XCSwiftPackageProductDependency section */
		917818BB2CAF4EC200D48245 /* ComposableArchitecture */ = {
			isa = XCSwiftPackageProductDependency;
			package = 917818BA2CAF4EC200D48245 /* XCRemoteSwiftPackageReference "swift-composable-architecture" */;
			productName = ComposableArchitecture;
		};
/* End XCSwiftPackageProductDependency section */
	};
	rootObject = 3DD3C5B62CADDA1F005AFDA5 /* Project object */;
}
